
Microsoft Visual Studio Solution File, Format Version 12.00
# Visual Studio Version 17
VisualStudioVersion = 17.11.35327.3
MinimumVisualStudioVersion = 10.0.40219.1
Project("{9A19103F-16F7-4668-BE54-9A1E7A4F7556}") = "PeerTutoringNetwork", "PeerTutoringNetwork\PeerTutoringNetwork.csproj", "{54B6BC80-4495-43C8-9769-7A52FB0E3965}"
EndProject
Project("{FAE04EC0-301F-11D3-BF4B-00C04F79EFBC}") = "BL", "BL\BL.csproj", "{53039484-CFA2-4AA6-8EAC-CAA8F615109C}"
EndProject
Global
	GlobalSection(SolutionConfigurationPlatforms) = preSolution
		Debug|Any CPU = Debug|Any CPU
		Release|Any CPU = Release|Any CPU
	EndGlobalSection
	GlobalSection(ProjectConfigurationPlatforms) = postSolution
		{54B6BC80-4495-43C8-9769-7A52FB0E3965}.Debug|Any CPU.ActiveCfg = Debug|Any CPU
		{54B6BC80-4495-43C8-9769-7A52FB0E3965}.Debug|Any CPU.Build.0 = Debug|Any CPU
		{54B6BC80-4495-43C8-9769-7A52FB0E3965}.Release|Any CPU.ActiveCfg = Release|Any CPU
		{54B6BC80-4495-43C8-9769-7A52FB0E3965}.Release|Any CPU.Build.0 = Release|Any CPU
		{53039484-CFA2-4AA6-8EAC-CAA8F615109C}.Debug|Any CPU.ActiveCfg = Debug|Any CPU
		{53039484-CFA2-4AA6-8EAC-CAA8F615109C}.Debug|Any CPU.Build.0 = Debug|Any CPU
		{53039484-CFA2-4AA6-8EAC-CAA8F615109C}.Release|Any CPU.ActiveCfg = Release|Any CPU
		{53039484-CFA2-4AA6-8EAC-CAA8F615109C}.Release|Any CPU.Build.0 = Release|Any CPU
	EndGlobalSection
	GlobalSection(SolutionProperties) = preSolution
		HideSolutionNode = FALSE
	EndGlobalSection
	GlobalSection(ExtensibilityGlobals) = postSolution
		SolutionGuid = {DA7BFFFD-FAE3-4204-B92C-63C324B94504}
	EndGlobalSection
EndGlobal
